
Microsoft Visual Studio Solution File, Format Version 12.00
# Visual Studio Version 17
VisualStudioVersion = 17.8.34004.107
MinimumVisualStudioVersion = 10.0.40219.1
Project("{9A19103F-16F7-4668-BE54-9A1E7A4F7556}") = "FutureValue", "FutureValue\FutureValue.csproj", "{14CFA67A-F498-4869-B08E-A9195C5FE37C}"
EndProject
Project("{2150E333-8FDC-42A3-9474-1A3956D46DE8}") = "Solution Items", "Solution Items", "{CE8D50BF-6201-4D90-823F-6C4682ADDCED}"
	ProjectSection(SolutionItems) = preProject
		.editorconfig = .editorconfig
		.gitattributes = .gitattributes
		.gitignore = .gitignore
		LICENSE.txt = LICENSE.txt
		README.md = README.md
	EndProjectSection
EndProject
Project("{9A19103F-16F7-4668-BE54-9A1E7A4F7556}") = "MinimalWebAPI", "MinimalWebAPI\MinimalWebAPI.csproj", "{4BAC1080-74B5-4165-A704-1EFE5D1EE1FA}"
EndProject
Project("{9A19103F-16F7-4668-BE54-9A1E7A4F7556}") = "MinimalAPIRouting", "MinimalAPIRouting\MinimalAPIRouting.csproj", "{F96D9C81-75A6-49DF-B3FC-C54D625076AA}"
EndProject
Project("{9A19103F-16F7-4668-BE54-9A1E7A4F7556}") = "MinimalModelValidation", "MinimalModelValidation\MinimalModelValidation.csproj", "{EE49027C-C3AA-4DF9-949B-B6237075CBA8}"
EndProject
Project("{9A19103F-16F7-4668-BE54-9A1E7A4F7556}") = "DIServicePractice", "DIServicePractice\DIServicePractice.csproj", "{97A652A6-517D-4245-B1B7-9ED9578A61F0}"
EndProject
Project("{9A19103F-16F7-4668-BE54-9A1E7A4F7556}") = "ConfigPractice", "ConfigPractice\ConfigPractice.csproj", "{F13BA38A-756D-4E4A-B598-4DA97F286F14}"
EndProject
Project("{9A19103F-16F7-4668-BE54-9A1E7A4F7556}") = "ReverseProxy", "ReverseProxy\ReverseProxy.csproj", "{5FA94FB1-BAA4-4428-9189-199821CE3D58}"
EndProject
Project("{9A19103F-16F7-4668-BE54-9A1E7A4F7556}") = "OpenAPIPractice", "OpenAPIPractice\OpenAPIPractice.csproj", "{E92D9DF0-EC7C-4BF8-909C-3DB9ACC7A445}"
EndProject
Project("{9A19103F-16F7-4668-BE54-9A1E7A4F7556}") = "OpenAPIPracticeClient", "OpenAPIPracticeClient\OpenAPIPracticeClient.csproj", "{5B77F9C1-08F3-41C5-982C-D337F8DBE7DC}"
EndProject
Project("{FAE04EC0-301F-11D3-BF4B-00C04F79EFBC}") = "EFCorePractice", "EFCorePractice\EFCorePractice.csproj", "{C909062D-5EE8-4C19-A9F2-F1E125B99D1C}"
EndProject
Global
	GlobalSection(SolutionConfigurationPlatforms) = preSolution
		Debug|Any CPU = Debug|Any CPU
		Debug|x64 = Debug|x64
		Release|Any CPU = Release|Any CPU
		Release|x64 = Release|x64
	EndGlobalSection
	GlobalSection(ProjectConfigurationPlatforms) = postSolution
		{14CFA67A-F498-4869-B08E-A9195C5FE37C}.Debug|Any CPU.ActiveCfg = Debug|Any CPU
		{14CFA67A-F498-4869-B08E-A9195C5FE37C}.Debug|Any CPU.Build.0 = Debug|Any CPU
		{14CFA67A-F498-4869-B08E-A9195C5FE37C}.Debug|x64.ActiveCfg = Debug|x64
		{14CFA67A-F498-4869-B08E-A9195C5FE37C}.Debug|x64.Build.0 = Debug|x64
		{14CFA67A-F498-4869-B08E-A9195C5FE37C}.Release|Any CPU.ActiveCfg = Release|Any CPU
		{14CFA67A-F498-4869-B08E-A9195C5FE37C}.Release|Any CPU.Build.0 = Release|Any CPU
		{14CFA67A-F498-4869-B08E-A9195C5FE37C}.Release|x64.ActiveCfg = Release|x64
		{14CFA67A-F498-4869-B08E-A9195C5FE37C}.Release|x64.Build.0 = Release|x64
		{4BAC1080-74B5-4165-A704-1EFE5D1EE1FA}.Debug|Any CPU.ActiveCfg = Debug|Any CPU
		{4BAC1080-74B5-4165-A704-1EFE5D1EE1FA}.Debug|Any CPU.Build.0 = Debug|Any CPU
		{4BAC1080-74B5-4165-A704-1EFE5D1EE1FA}.Debug|x64.ActiveCfg = Debug|Any CPU
		{4BAC1080-74B5-4165-A704-1EFE5D1EE1FA}.Debug|x64.Build.0 = Debug|Any CPU
		{4BAC1080-74B5-4165-A704-1EFE5D1EE1FA}.Release|Any CPU.ActiveCfg = Release|Any CPU
		{4BAC1080-74B5-4165-A704-1EFE5D1EE1FA}.Release|Any CPU.Build.0 = Release|Any CPU
		{4BAC1080-74B5-4165-A704-1EFE5D1EE1FA}.Release|x64.ActiveCfg = Release|Any CPU
		{4BAC1080-74B5-4165-A704-1EFE5D1EE1FA}.Release|x64.Build.0 = Release|Any CPU
		{F96D9C81-75A6-49DF-B3FC-C54D625076AA}.Debug|Any CPU.ActiveCfg = Debug|Any CPU
		{F96D9C81-75A6-49DF-B3FC-C54D625076AA}.Debug|Any CPU.Build.0 = Debug|Any CPU
		{F96D9C81-75A6-49DF-B3FC-C54D625076AA}.Debug|x64.ActiveCfg = Debug|Any CPU
		{F96D9C81-75A6-49DF-B3FC-C54D625076AA}.Debug|x64.Build.0 = Debug|Any CPU
		{F96D9C81-75A6-49DF-B3FC-C54D625076AA}.Release|Any CPU.ActiveCfg = Release|Any CPU
		{F96D9C81-75A6-49DF-B3FC-C54D625076AA}.Release|Any CPU.Build.0 = Release|Any CPU
		{F96D9C81-75A6-49DF-B3FC-C54D625076AA}.Release|x64.ActiveCfg = Release|Any CPU
		{F96D9C81-75A6-49DF-B3FC-C54D625076AA}.Release|x64.Build.0 = Release|Any CPU
		{EE49027C-C3AA-4DF9-949B-B6237075CBA8}.Debug|Any CPU.ActiveCfg = Debug|Any CPU
		{EE49027C-C3AA-4DF9-949B-B6237075CBA8}.Debug|Any CPU.Build.0 = Debug|Any CPU
		{EE49027C-C3AA-4DF9-949B-B6237075CBA8}.Debug|x64.ActiveCfg = Debug|Any CPU
		{EE49027C-C3AA-4DF9-949B-B6237075CBA8}.Debug|x64.Build.0 = Debug|Any CPU
		{EE49027C-C3AA-4DF9-949B-B6237075CBA8}.Release|Any CPU.ActiveCfg = Release|Any CPU
		{EE49027C-C3AA-4DF9-949B-B6237075CBA8}.Release|Any CPU.Build.0 = Release|Any CPU
		{EE49027C-C3AA-4DF9-949B-B6237075CBA8}.Release|x64.ActiveCfg = Release|Any CPU
		{EE49027C-C3AA-4DF9-949B-B6237075CBA8}.Release|x64.Build.0 = Release|Any CPU
		{97A652A6-517D-4245-B1B7-9ED9578A61F0}.Debug|Any CPU.ActiveCfg = Debug|Any CPU
		{97A652A6-517D-4245-B1B7-9ED9578A61F0}.Debug|Any CPU.Build.0 = Debug|Any CPU
		{97A652A6-517D-4245-B1B7-9ED9578A61F0}.Debug|x64.ActiveCfg = Debug|Any CPU
		{97A652A6-517D-4245-B1B7-9ED9578A61F0}.Debug|x64.Build.0 = Debug|Any CPU
		{97A652A6-517D-4245-B1B7-9ED9578A61F0}.Release|Any CPU.ActiveCfg = Release|Any CPU
		{97A652A6-517D-4245-B1B7-9ED9578A61F0}.Release|Any CPU.Build.0 = Release|Any CPU
		{97A652A6-517D-4245-B1B7-9ED9578A61F0}.Release|x64.ActiveCfg = Release|Any CPU
		{97A652A6-517D-4245-B1B7-9ED9578A61F0}.Release|x64.Build.0 = Release|Any CPU
		{F13BA38A-756D-4E4A-B598-4DA97F286F14}.Debug|Any CPU.ActiveCfg = Debug|Any CPU
		{F13BA38A-756D-4E4A-B598-4DA97F286F14}.Debug|Any CPU.Build.0 = Debug|Any CPU
		{F13BA38A-756D-4E4A-B598-4DA97F286F14}.Debug|x64.ActiveCfg = Debug|Any CPU
		{F13BA38A-756D-4E4A-B598-4DA97F286F14}.Debug|x64.Build.0 = Debug|Any CPU
		{F13BA38A-756D-4E4A-B598-4DA97F286F14}.Release|Any CPU.ActiveCfg = Release|Any CPU
		{F13BA38A-756D-4E4A-B598-4DA97F286F14}.Release|Any CPU.Build.0 = Release|Any CPU
		{F13BA38A-756D-4E4A-B598-4DA97F286F14}.Release|x64.ActiveCfg = Release|Any CPU
		{F13BA38A-756D-4E4A-B598-4DA97F286F14}.Release|x64.Build.0 = Release|Any CPU
		{5FA94FB1-BAA4-4428-9189-199821CE3D58}.Debug|Any CPU.ActiveCfg = Debug|Any CPU
		{5FA94FB1-BAA4-4428-9189-199821CE3D58}.Debug|Any CPU.Build.0 = Debug|Any CPU
		{5FA94FB1-BAA4-4428-9189-199821CE3D58}.Debug|x64.ActiveCfg = Debug|Any CPU
		{5FA94FB1-BAA4-4428-9189-199821CE3D58}.Debug|x64.Build.0 = Debug|Any CPU
		{5FA94FB1-BAA4-4428-9189-199821CE3D58}.Release|Any CPU.ActiveCfg = Release|Any CPU
		{5FA94FB1-BAA4-4428-9189-199821CE3D58}.Release|Any CPU.Build.0 = Release|Any CPU
		{5FA94FB1-BAA4-4428-9189-199821CE3D58}.Release|x64.ActiveCfg = Release|Any CPU
		{5FA94FB1-BAA4-4428-9189-199821CE3D58}.Release|x64.Build.0 = Release|Any CPU
		{E92D9DF0-EC7C-4BF8-909C-3DB9ACC7A445}.Debug|Any CPU.ActiveCfg = Debug|Any CPU
		{E92D9DF0-EC7C-4BF8-909C-3DB9ACC7A445}.Debug|Any CPU.Build.0 = Debug|Any CPU
		{E92D9DF0-EC7C-4BF8-909C-3DB9ACC7A445}.Debug|x64.ActiveCfg = Debug|Any CPU
		{E92D9DF0-EC7C-4BF8-909C-3DB9ACC7A445}.Debug|x64.Build.0 = Debug|Any CPU
		{E92D9DF0-EC7C-4BF8-909C-3DB9ACC7A445}.Release|Any CPU.ActiveCfg = Release|Any CPU
		{E92D9DF0-EC7C-4BF8-909C-3DB9ACC7A445}.Release|Any CPU.Build.0 = Release|Any CPU
		{E92D9DF0-EC7C-4BF8-909C-3DB9ACC7A445}.Release|x64.ActiveCfg = Release|Any CPU
		{E92D9DF0-EC7C-4BF8-909C-3DB9ACC7A445}.Release|x64.Build.0 = Release|Any CPU
		{5B77F9C1-08F3-41C5-982C-D337F8DBE7DC}.Debug|Any CPU.ActiveCfg = Debug|Any CPU
		{5B77F9C1-08F3-41C5-982C-D337F8DBE7DC}.Debug|Any CPU.Build.0 = Debug|Any CPU
		{5B77F9C1-08F3-41C5-982C-D337F8DBE7DC}.Debug|x64.ActiveCfg = Debug|Any CPU
		{5B77F9C1-08F3-41C5-982C-D337F8DBE7DC}.Debug|x64.Build.0 = Debug|Any CPU
		{5B77F9C1-08F3-41C5-982C-D337F8DBE7DC}.Release|Any CPU.ActiveCfg = Release|Any CPU
		{5B77F9C1-08F3-41C5-982C-D337F8DBE7DC}.Release|Any CPU.Build.0 = Release|Any CPU
		{5B77F9C1-08F3-41C5-982C-D337F8DBE7DC}.Release|x64.ActiveCfg = Release|Any CPU
		{5B77F9C1-08F3-41C5-982C-D337F8DBE7DC}.Release|x64.Build.0 = Release|Any CPU
		{C909062D-5EE8-4C19-A9F2-F1E125B99D1C}.Debug|Any CPU.ActiveCfg = Debug|Any CPU
		{C909062D-5EE8-4C19-A9F2-F1E125B99D1C}.Debug|Any CPU.Build.0 = Debug|Any CPU
		{C909062D-5EE8-4C19-A9F2-F1E125B99D1C}.Debug|x64.ActiveCfg = Debug|Any CPU
		{C909062D-5EE8-4C19-A9F2-F1E125B99D1C}.Debug|x64.Build.0 = Debug|Any CPU
		{C909062D-5EE8-4C19-A9F2-F1E125B99D1C}.Release|Any CPU.ActiveCfg = Release|Any CPU
		{C909062D-5EE8-4C19-A9F2-F1E125B99D1C}.Release|Any CPU.Build.0 = Release|Any CPU
		{C909062D-5EE8-4C19-A9F2-F1E125B99D1C}.Release|x64.ActiveCfg = Release|Any CPU
		{C909062D-5EE8-4C19-A9F2-F1E125B99D1C}.Release|x64.Build.0 = Release|Any CPU
	EndGlobalSection
	GlobalSection(SolutionProperties) = preSolution
		HideSolutionNode = FALSE
	EndGlobalSection
	GlobalSection(ExtensibilityGlobals) = postSolution
		SolutionGuid = {6668DD09-DFA6-4696-AFCE-DC40E37C38A5}
	EndGlobalSection
EndGlobal
